
Microsoft Visual Studio Solution File, Format Version 12.00
# Visual Studio 2012
# $Id$
#
# This file was generated by MPC.  Any changes made directly to
# this file will be lost the next time it is generated.
#
# MPC Command:
# D:\dev_tools\MPC-MPC_4_1_2\mwc.pl -type vc12 CampPOS.mwc
Project("{8BC9CEB8-8B4A-11D0-8D11-00A0C91BC942}") = "Camp", "Camp\Camp.vcxproj", "{10B00169-FECA-1BAD-57A2-8A67000457A0}"
EndProject
Project("{FAE04EC0-301F-11D3-BF4B-00C04F79EFBC}") = "CampAdminGUI", "CampAdminGUI\CampAdminGUI.csproj", "{FF6FCBC1-FECA-1BAD-F5BF-F8D872BBF5BD}"
	ProjectSection(ProjectDependencies) = postProject
		{10B00169-FECA-1BAD-57A2-8A67000457A0} = {10B00169-FECA-1BAD-57A2-8A67000457A0}
	EndProjectSection
EndProject
Project("{FAE04EC0-301F-11D3-BF4B-00C04F79EFBC}") = "CampSaleGUI", "CampSaleGUI\CampSaleGUI.csproj", "{1D13D1EC-FECA-1BAD-5761-DF19557A5763}"
	ProjectSection(ProjectDependencies) = postProject
		{10B00169-FECA-1BAD-57A2-8A67000457A0} = {10B00169-FECA-1BAD-57A2-8A67000457A0}
	EndProjectSection
EndProject
Global
	GlobalSection(SolutionConfigurationPlatforms) = preSolution
		Debug|Any CPU = Debug|Any CPU
		Debug|Win32 = Debug|Win32
		Debug|x64 = Debug|x64
		Release|Any CPU = Release|Any CPU
		Release|Win32 = Release|Win32
		Release|x64 = Release|x64
	EndGlobalSection
	GlobalSection(ProjectConfigurationPlatforms) = postSolution
		{10B00169-FECA-1BAD-57A2-8A67000457A0}.Debug|Any CPU.ActiveCfg = Debug|Win32
		{10B00169-FECA-1BAD-57A2-8A67000457A0}.Debug|Any CPU.Build.0 = Debug|Win32
		{10B00169-FECA-1BAD-57A2-8A67000457A0}.Debug|Win32.ActiveCfg = Debug|Win32
		{10B00169-FECA-1BAD-57A2-8A67000457A0}.Debug|Win32.Build.0 = Debug|Win32
		{10B00169-FECA-1BAD-57A2-8A67000457A0}.Debug|x64.ActiveCfg = Debug|x64
		{10B00169-FECA-1BAD-57A2-8A67000457A0}.Debug|x64.Build.0 = Debug|x64
		{10B00169-FECA-1BAD-57A2-8A67000457A0}.Release|Any CPU.ActiveCfg = Release|Win32
		{10B00169-FECA-1BAD-57A2-8A67000457A0}.Release|Any CPU.Build.0 = Release|Win32
		{10B00169-FECA-1BAD-57A2-8A67000457A0}.Release|Win32.ActiveCfg = Release|Win32
		{10B00169-FECA-1BAD-57A2-8A67000457A0}.Release|Win32.Build.0 = Release|Win32
		{10B00169-FECA-1BAD-57A2-8A67000457A0}.Release|x64.ActiveCfg = Release|x64
		{10B00169-FECA-1BAD-57A2-8A67000457A0}.Release|x64.Build.0 = Release|x64
		{FF6FCBC1-FECA-1BAD-F5BF-F8D872BBF5BD}.Debug|Win32.ActiveCfg = Debug|Any CPU
		{FF6FCBC1-FECA-1BAD-F5BF-F8D872BBF5BD}.Debug|Win32.Build.0 = Debug|Any CPU
		{FF6FCBC1-FECA-1BAD-F5BF-F8D872BBF5BD}.Debug|x64.ActiveCfg = Debug|Any CPU
		{FF6FCBC1-FECA-1BAD-F5BF-F8D872BBF5BD}.Debug|x64.Build.0 = Debug|Any CPU
		{FF6FCBC1-FECA-1BAD-F5BF-F8D872BBF5BD}.Debug|Any CPU.ActiveCfg = Debug|Any CPU
		{FF6FCBC1-FECA-1BAD-F5BF-F8D872BBF5BD}.Debug|Any CPU.Build.0 = Debug|Any CPU
		{FF6FCBC1-FECA-1BAD-F5BF-F8D872BBF5BD}.Release|Win32.ActiveCfg = Release|Any CPU
		{FF6FCBC1-FECA-1BAD-F5BF-F8D872BBF5BD}.Release|Win32.Build.0 = Release|Any CPU
		{FF6FCBC1-FECA-1BAD-F5BF-F8D872BBF5BD}.Release|x64.ActiveCfg = Release|Any CPU
		{FF6FCBC1-FECA-1BAD-F5BF-F8D872BBF5BD}.Release|x64.Build.0 = Release|Any CPU
		{FF6FCBC1-FECA-1BAD-F5BF-F8D872BBF5BD}.Release|Any CPU.ActiveCfg = Release|Any CPU
		{FF6FCBC1-FECA-1BAD-F5BF-F8D872BBF5BD}.Release|Any CPU.Build.0 = Release|Any CPU
		{1D13D1EC-FECA-1BAD-5761-DF19557A5763}.Debug|Win32.ActiveCfg = Debug|Any CPU
		{1D13D1EC-FECA-1BAD-5761-DF19557A5763}.Debug|Win32.Build.0 = Debug|Any CPU
		{1D13D1EC-FECA-1BAD-5761-DF19557A5763}.Debug|x64.ActiveCfg = Debug|Any CPU
		{1D13D1EC-FECA-1BAD-5761-DF19557A5763}.Debug|x64.Build.0 = Debug|Any CPU
		{1D13D1EC-FECA-1BAD-5761-DF19557A5763}.Debug|Any CPU.ActiveCfg = Debug|Any CPU
		{1D13D1EC-FECA-1BAD-5761-DF19557A5763}.Debug|Any CPU.Build.0 = Debug|Any CPU
		{1D13D1EC-FECA-1BAD-5761-DF19557A5763}.Release|Win32.ActiveCfg = Release|Any CPU
		{1D13D1EC-FECA-1BAD-5761-DF19557A5763}.Release|Win32.Build.0 = Release|Any CPU
		{1D13D1EC-FECA-1BAD-5761-DF19557A5763}.Release|x64.ActiveCfg = Release|Any CPU
		{1D13D1EC-FECA-1BAD-5761-DF19557A5763}.Release|x64.Build.0 = Release|Any CPU
		{1D13D1EC-FECA-1BAD-5761-DF19557A5763}.Release|Any CPU.ActiveCfg = Release|Any CPU
		{1D13D1EC-FECA-1BAD-5761-DF19557A5763}.Release|Any CPU.Build.0 = Release|Any CPU
	EndGlobalSection
	GlobalSection(SolutionProperties) = preSolution
		HideSolutionNode = FALSE
	EndGlobalSection
EndGlobal
