<?xml version="1.0" encoding="utf-8"?>
<Project ToolsVersion="4.0" xmlns="http://schemas.microsoft.com/developer/msbuild/2003">
  <ItemGroup>
    <Filter Include="Source Files">
      <UniqueIdentifier>{B1F27843-FECA-1BAD-57A2-8A67000457A0}</UniqueIdentifier>
      <Extensions>cpp;cxx;cc;c;C</Extensions>
    </Filter>
    <Filter Include="Header Files">
      <UniqueIdentifier>{06319535-FECA-1BAD-57A2-8A67000457A0}</UniqueIdentifier>
      <Extensions>h;hpp;hxx;hh</Extensions>
    </Filter>
  </ItemGroup>
  <ItemGroup>
    <ClCompile Include="Archiver.cpp">
      <Filter>Source Files</Filter>
    </ClCompile>
    <ClCompile Include="Camp.cpp">
      <Filter>Source Files</Filter>
    </ClCompile>
    <ClCompile Include="CampDotNet.cpp">
      <Filter>Source Files</Filter>
    </ClCompile>
    <ClCompile Include="Config.cpp">
      <Filter>Source Files</Filter>
    </ClCompile>
    <ClCompile Include="FPManager.cpp">
      <Filter>Source Files</Filter>
    </ClCompile>
    <ClCompile Include="sdsqlite.cpp">
      <Filter>Source Files</Filter>
    </ClCompile>
    <ClCompile Include="sqlite3.c">
      <Filter>Source Files</Filter>
    </ClCompile>
  </ItemGroup>
  <ItemGroup>
    <ClInclude Include="Archiver.h">
      <Filter>Header Files</Filter>
    </ClInclude>
    <ClInclude Include="Camp.h">
      <Filter>Header Files</Filter>
    </ClInclude>
    <ClInclude Include="CampDotNet.h">
      <Filter>Header Files</Filter>
    </ClInclude>
    <ClInclude Include="Config.h">
      <Filter>Header Files</Filter>
    </ClInclude>
    <ClInclude Include="FPManager.h">
      <Filter>Header Files</Filter>
    </ClInclude>
    <ClInclude Include="sdsqlite.h">
      <Filter>Header Files</Filter>
    </ClInclude>
    <ClInclude Include="sqlite3.h">
      <Filter>Header Files</Filter>
    </ClInclude>
  </ItemGroup>
</Project>
